
Microsoft Visual Studio Solution File, Format Version 12.00
# Visual Studio 15
VisualStudioVersion = 15.0.26124.0
MinimumVisualStudioVersion = 15.0.26124.0
Project("{2150E333-8FDC-42A3-9474-1A3956D46DE8}") = "src", "src", "{B805B788-FBA5-460C-87CD-95D369121742}"
EndProject
Project("{FAE04EC0-301F-11D3-BF4B-00C04F79EFBC}") = "FictionFantasyServer.Api", "src\FictionFantasyServer.Api\FictionFantasyServer.Api.csproj", "{204BAA95-3B71-47C9-BA47-AF3F0C4F1228}"
EndProject
Project("{FAE04EC0-301F-11D3-BF4B-00C04F79EFBC}") = "FictionFantasyServer.Data", "src\FictionFantasyServer.Data\FictionFantasyServer.Data.csproj", "{C518EC9B-88F1-4C95-B4E8-04F280DA0A3F}"
EndProject
Project("{FAE04EC0-301F-11D3-BF4B-00C04F79EFBC}") = "FictionFantasyServer.Models", "src\FictionFantasyServer.Models\FictionFantasyServer.Models.csproj", "{1E3A1618-FE61-43BB-ADBF-5440B9082AA6}"
EndProject
Project("{FAE04EC0-301F-11D3-BF4B-00C04F79EFBC}") = "FictionFantasyServer.NetCoreEntry", "src\FictionFantasyServer.NetCoreEntry\FictionFantasyServer.NetCoreEntry.csproj", "{69542DFB-05BA-4DB8-AD97-CE5983EB9E99}"
EndProject
Project("{FAE04EC0-301F-11D3-BF4B-00C04F79EFBC}") = "FictionFantasyServer.Services", "src\FictionFantasyServer.Services\FictionFantasyServer.Services.csproj", "{57A7F154-C07E-4344-8407-26FE9D052ADD}"
EndProject
Project("{2150E333-8FDC-42A3-9474-1A3956D46DE8}") = "tst", "tst", "{F0E8EA14-EDCD-4DCF-BDB2-74079D21BB7B}"
EndProject
Project("{FAE04EC0-301F-11D3-BF4B-00C04F79EFBC}") = "FictionFantasyServer.ApiTests", "tst\FictionFantasyServer.ApiTests\FictionFantasyServer.ApiTests.csproj", "{3D2F8BDC-283C-41CF-BB0A-2832FBF41002}"
EndProject
Global
	GlobalSection(SolutionConfigurationPlatforms) = preSolution
		Debug|Any CPU = Debug|Any CPU
		Debug|x64 = Debug|x64
		Debug|x86 = Debug|x86
		Release|Any CPU = Release|Any CPU
		Release|x64 = Release|x64
		Release|x86 = Release|x86
	EndGlobalSection
	GlobalSection(SolutionProperties) = preSolution
		HideSolutionNode = FALSE
	EndGlobalSection
	GlobalSection(ProjectConfigurationPlatforms) = postSolution
		{204BAA95-3B71-47C9-BA47-AF3F0C4F1228}.Debug|Any CPU.ActiveCfg = Debug|Any CPU
		{204BAA95-3B71-47C9-BA47-AF3F0C4F1228}.Debug|Any CPU.Build.0 = Debug|Any CPU
		{204BAA95-3B71-47C9-BA47-AF3F0C4F1228}.Debug|x64.ActiveCfg = Debug|Any CPU
		{204BAA95-3B71-47C9-BA47-AF3F0C4F1228}.Debug|x64.Build.0 = Debug|Any CPU
		{204BAA95-3B71-47C9-BA47-AF3F0C4F1228}.Debug|x86.ActiveCfg = Debug|Any CPU
		{204BAA95-3B71-47C9-BA47-AF3F0C4F1228}.Debug|x86.Build.0 = Debug|Any CPU
		{204BAA95-3B71-47C9-BA47-AF3F0C4F1228}.Release|Any CPU.ActiveCfg = Release|Any CPU
		{204BAA95-3B71-47C9-BA47-AF3F0C4F1228}.Release|Any CPU.Build.0 = Release|Any CPU
		{204BAA95-3B71-47C9-BA47-AF3F0C4F1228}.Release|x64.ActiveCfg = Release|Any CPU
		{204BAA95-3B71-47C9-BA47-AF3F0C4F1228}.Release|x64.Build.0 = Release|Any CPU
		{204BAA95-3B71-47C9-BA47-AF3F0C4F1228}.Release|x86.ActiveCfg = Release|Any CPU
		{204BAA95-3B71-47C9-BA47-AF3F0C4F1228}.Release|x86.Build.0 = Release|Any CPU
		{C518EC9B-88F1-4C95-B4E8-04F280DA0A3F}.Debug|Any CPU.ActiveCfg = Debug|Any CPU
		{C518EC9B-88F1-4C95-B4E8-04F280DA0A3F}.Debug|Any CPU.Build.0 = Debug|Any CPU
		{C518EC9B-88F1-4C95-B4E8-04F280DA0A3F}.Debug|x64.ActiveCfg = Debug|Any CPU
		{C518EC9B-88F1-4C95-B4E8-04F280DA0A3F}.Debug|x64.Build.0 = Debug|Any CPU
		{C518EC9B-88F1-4C95-B4E8-04F280DA0A3F}.Debug|x86.ActiveCfg = Debug|Any CPU
		{C518EC9B-88F1-4C95-B4E8-04F280DA0A3F}.Debug|x86.Build.0 = Debug|Any CPU
		{C518EC9B-88F1-4C95-B4E8-04F280DA0A3F}.Release|Any CPU.ActiveCfg = Release|Any CPU
		{C518EC9B-88F1-4C95-B4E8-04F280DA0A3F}.Release|Any CPU.Build.0 = Release|Any CPU
		{C518EC9B-88F1-4C95-B4E8-04F280DA0A3F}.Release|x64.ActiveCfg = Release|Any CPU
		{C518EC9B-88F1-4C95-B4E8-04F280DA0A3F}.Release|x64.Build.0 = Release|Any CPU
		{C518EC9B-88F1-4C95-B4E8-04F280DA0A3F}.Release|x86.ActiveCfg = Release|Any CPU
		{C518EC9B-88F1-4C95-B4E8-04F280DA0A3F}.Release|x86.Build.0 = Release|Any CPU
		{1E3A1618-FE61-43BB-ADBF-5440B9082AA6}.Debug|Any CPU.ActiveCfg = Debug|Any CPU
		{1E3A1618-FE61-43BB-ADBF-5440B9082AA6}.Debug|Any CPU.Build.0 = Debug|Any CPU
		{1E3A1618-FE61-43BB-ADBF-5440B9082AA6}.Debug|x64.ActiveCfg = Debug|Any CPU
		{1E3A1618-FE61-43BB-ADBF-5440B9082AA6}.Debug|x64.Build.0 = Debug|Any CPU
		{1E3A1618-FE61-43BB-ADBF-5440B9082AA6}.Debug|x86.ActiveCfg = Debug|Any CPU
		{1E3A1618-FE61-43BB-ADBF-5440B9082AA6}.Debug|x86.Build.0 = Debug|Any CPU
		{1E3A1618-FE61-43BB-ADBF-5440B9082AA6}.Release|Any CPU.ActiveCfg = Release|Any CPU
		{1E3A1618-FE61-43BB-ADBF-5440B9082AA6}.Release|Any CPU.Build.0 = Release|Any CPU
		{1E3A1618-FE61-43BB-ADBF-5440B9082AA6}.Release|x64.ActiveCfg = Release|Any CPU
		{1E3A1618-FE61-43BB-ADBF-5440B9082AA6}.Release|x64.Build.0 = Release|Any CPU
		{1E3A1618-FE61-43BB-ADBF-5440B9082AA6}.Release|x86.ActiveCfg = Release|Any CPU
		{1E3A1618-FE61-43BB-ADBF-5440B9082AA6}.Release|x86.Build.0 = Release|Any CPU
		{69542DFB-05BA-4DB8-AD97-CE5983EB9E99}.Debug|Any CPU.ActiveCfg = Debug|Any CPU
		{69542DFB-05BA-4DB8-AD97-CE5983EB9E99}.Debug|Any CPU.Build.0 = Debug|Any CPU
		{69542DFB-05BA-4DB8-AD97-CE5983EB9E99}.Debug|x64.ActiveCfg = Debug|Any CPU
		{69542DFB-05BA-4DB8-AD97-CE5983EB9E99}.Debug|x64.Build.0 = Debug|Any CPU
		{69542DFB-05BA-4DB8-AD97-CE5983EB9E99}.Debug|x86.ActiveCfg = Debug|Any CPU
		{69542DFB-05BA-4DB8-AD97-CE5983EB9E99}.Debug|x86.Build.0 = Debug|Any CPU
		{69542DFB-05BA-4DB8-AD97-CE5983EB9E99}.Release|Any CPU.ActiveCfg = Release|Any CPU
		{69542DFB-05BA-4DB8-AD97-CE5983EB9E99}.Release|Any CPU.Build.0 = Release|Any CPU
		{69542DFB-05BA-4DB8-AD97-CE5983EB9E99}.Release|x64.ActiveCfg = Release|Any CPU
		{69542DFB-05BA-4DB8-AD97-CE5983EB9E99}.Release|x64.Build.0 = Release|Any CPU
		{69542DFB-05BA-4DB8-AD97-CE5983EB9E99}.Release|x86.ActiveCfg = Release|Any CPU
		{69542DFB-05BA-4DB8-AD97-CE5983EB9E99}.Release|x86.Build.0 = Release|Any CPU
		{57A7F154-C07E-4344-8407-26FE9D052ADD}.Debug|Any CPU.ActiveCfg = Debug|Any CPU
		{57A7F154-C07E-4344-8407-26FE9D052ADD}.Debug|Any CPU.Build.0 = Debug|Any CPU
		{57A7F154-C07E-4344-8407-26FE9D052ADD}.Debug|x64.ActiveCfg = Debug|Any CPU
		{57A7F154-C07E-4344-8407-26FE9D052ADD}.Debug|x64.Build.0 = Debug|Any CPU
		{57A7F154-C07E-4344-8407-26FE9D052ADD}.Debug|x86.ActiveCfg = Debug|Any CPU
		{57A7F154-C07E-4344-8407-26FE9D052ADD}.Debug|x86.Build.0 = Debug|Any CPU
		{57A7F154-C07E-4344-8407-26FE9D052ADD}.Release|Any CPU.ActiveCfg = Release|Any CPU
		{57A7F154-C07E-4344-8407-26FE9D052ADD}.Release|Any CPU.Build.0 = Release|Any CPU
		{57A7F154-C07E-4344-8407-26FE9D052ADD}.Release|x64.ActiveCfg = Release|Any CPU
		{57A7F154-C07E-4344-8407-26FE9D052ADD}.Release|x64.Build.0 = Release|Any CPU
		{57A7F154-C07E-4344-8407-26FE9D052ADD}.Release|x86.ActiveCfg = Release|Any CPU
		{57A7F154-C07E-4344-8407-26FE9D052ADD}.Release|x86.Build.0 = Release|Any CPU
		{3D2F8BDC-283C-41CF-BB0A-2832FBF41002}.Debug|Any CPU.ActiveCfg = Debug|Any CPU
		{3D2F8BDC-283C-41CF-BB0A-2832FBF41002}.Debug|Any CPU.Build.0 = Debug|Any CPU
		{3D2F8BDC-283C-41CF-BB0A-2832FBF41002}.Debug|x64.ActiveCfg = Debug|Any CPU
		{3D2F8BDC-283C-41CF-BB0A-2832FBF41002}.Debug|x64.Build.0 = Debug|Any CPU
		{3D2F8BDC-283C-41CF-BB0A-2832FBF41002}.Debug|x86.ActiveCfg = Debug|Any CPU
		{3D2F8BDC-283C-41CF-BB0A-2832FBF41002}.Debug|x86.Build.0 = Debug|Any CPU
		{3D2F8BDC-283C-41CF-BB0A-2832FBF41002}.Release|Any CPU.ActiveCfg = Release|Any CPU
		{3D2F8BDC-283C-41CF-BB0A-2832FBF41002}.Release|Any CPU.Build.0 = Release|Any CPU
		{3D2F8BDC-283C-41CF-BB0A-2832FBF41002}.Release|x64.ActiveCfg = Release|Any CPU
		{3D2F8BDC-283C-41CF-BB0A-2832FBF41002}.Release|x64.Build.0 = Release|Any CPU
		{3D2F8BDC-283C-41CF-BB0A-2832FBF41002}.Release|x86.ActiveCfg = Release|Any CPU
		{3D2F8BDC-283C-41CF-BB0A-2832FBF41002}.Release|x86.Build.0 = Release|Any CPU
		{4BF7BDBC-0330-41B7-8001-E6CC89BA853F}.Debug|Any CPU.ActiveCfg = Debug|Any CPU
		{4BF7BDBC-0330-41B7-8001-E6CC89BA853F}.Debug|Any CPU.Build.0 = Debug|Any CPU
		{4BF7BDBC-0330-41B7-8001-E6CC89BA853F}.Debug|x64.ActiveCfg = Debug|Any CPU
		{4BF7BDBC-0330-41B7-8001-E6CC89BA853F}.Debug|x64.Build.0 = Debug|Any CPU
		{4BF7BDBC-0330-41B7-8001-E6CC89BA853F}.Debug|x86.ActiveCfg = Debug|Any CPU
		{4BF7BDBC-0330-41B7-8001-E6CC89BA853F}.Debug|x86.Build.0 = Debug|Any CPU
		{4BF7BDBC-0330-41B7-8001-E6CC89BA853F}.Release|Any CPU.ActiveCfg = Release|Any CPU
		{4BF7BDBC-0330-41B7-8001-E6CC89BA853F}.Release|Any CPU.Build.0 = Release|Any CPU
		{4BF7BDBC-0330-41B7-8001-E6CC89BA853F}.Release|x64.ActiveCfg = Release|Any CPU
		{4BF7BDBC-0330-41B7-8001-E6CC89BA853F}.Release|x64.Build.0 = Release|Any CPU
		{4BF7BDBC-0330-41B7-8001-E6CC89BA853F}.Release|x86.ActiveCfg = Release|Any CPU
		{4BF7BDBC-0330-41B7-8001-E6CC89BA853F}.Release|x86.Build.0 = Release|Any CPU
		{CAA36744-DBA7-4C72-B494-AC2CCEDFD6B8}.Debug|Any CPU.ActiveCfg = Debug|Any CPU
		{CAA36744-DBA7-4C72-B494-AC2CCEDFD6B8}.Debug|Any CPU.Build.0 = Debug|Any CPU
		{CAA36744-DBA7-4C72-B494-AC2CCEDFD6B8}.Debug|x64.ActiveCfg = Debug|Any CPU
		{CAA36744-DBA7-4C72-B494-AC2CCEDFD6B8}.Debug|x64.Build.0 = Debug|Any CPU
		{CAA36744-DBA7-4C72-B494-AC2CCEDFD6B8}.Debug|x86.ActiveCfg = Debug|Any CPU
		{CAA36744-DBA7-4C72-B494-AC2CCEDFD6B8}.Debug|x86.Build.0 = Debug|Any CPU
		{CAA36744-DBA7-4C72-B494-AC2CCEDFD6B8}.Release|Any CPU.ActiveCfg = Release|Any CPU
		{CAA36744-DBA7-4C72-B494-AC2CCEDFD6B8}.Release|Any CPU.Build.0 = Release|Any CPU
		{CAA36744-DBA7-4C72-B494-AC2CCEDFD6B8}.Release|x64.ActiveCfg = Release|Any CPU
		{CAA36744-DBA7-4C72-B494-AC2CCEDFD6B8}.Release|x64.Build.0 = Release|Any CPU
		{CAA36744-DBA7-4C72-B494-AC2CCEDFD6B8}.Release|x86.ActiveCfg = Release|Any CPU
		{CAA36744-DBA7-4C72-B494-AC2CCEDFD6B8}.Release|x86.Build.0 = Release|Any CPU
		{611B40AF-4438-4908-A353-CCA35DEFF334}.Debug|Any CPU.ActiveCfg = Debug|Any CPU
		{611B40AF-4438-4908-A353-CCA35DEFF334}.Debug|Any CPU.Build.0 = Debug|Any CPU
		{611B40AF-4438-4908-A353-CCA35DEFF334}.Debug|x64.ActiveCfg = Debug|Any CPU
		{611B40AF-4438-4908-A353-CCA35DEFF334}.Debug|x64.Build.0 = Debug|Any CPU
		{611B40AF-4438-4908-A353-CCA35DEFF334}.Debug|x86.ActiveCfg = Debug|Any CPU
		{611B40AF-4438-4908-A353-CCA35DEFF334}.Debug|x86.Build.0 = Debug|Any CPU
		{611B40AF-4438-4908-A353-CCA35DEFF334}.Release|Any CPU.ActiveCfg = Release|Any CPU
		{611B40AF-4438-4908-A353-CCA35DEFF334}.Release|Any CPU.Build.0 = Release|Any CPU
		{611B40AF-4438-4908-A353-CCA35DEFF334}.Release|x64.ActiveCfg = Release|Any CPU
		{611B40AF-4438-4908-A353-CCA35DEFF334}.Release|x64.Build.0 = Release|Any CPU
		{611B40AF-4438-4908-A353-CCA35DEFF334}.Release|x86.ActiveCfg = Release|Any CPU
		{611B40AF-4438-4908-A353-CCA35DEFF334}.Release|x86.Build.0 = Release|Any CPU
	EndGlobalSection
	GlobalSection(NestedProjects) = preSolution
		{204BAA95-3B71-47C9-BA47-AF3F0C4F1228} = {B805B788-FBA5-460C-87CD-95D369121742}
		{C518EC9B-88F1-4C95-B4E8-04F280DA0A3F} = {B805B788-FBA5-460C-87CD-95D369121742}
		{1E3A1618-FE61-43BB-ADBF-5440B9082AA6} = {B805B788-FBA5-460C-87CD-95D369121742}
		{69542DFB-05BA-4DB8-AD97-CE5983EB9E99} = {B805B788-FBA5-460C-87CD-95D369121742}
		{57A7F154-C07E-4344-8407-26FE9D052ADD} = {B805B788-FBA5-460C-87CD-95D369121742}
		{3D2F8BDC-283C-41CF-BB0A-2832FBF41002} = {F0E8EA14-EDCD-4DCF-BDB2-74079D21BB7B}
	EndGlobalSection
EndGlobal
