
Microsoft Visual Studio Solution File, Format Version 12.00
# Visual Studio 15
VisualStudioVersion = 15.0.26124.0
MinimumVisualStudioVersion = 15.0.26124.0
Project("{FAE04EC0-301F-11D3-BF4B-00C04F79EFBC}") = "FictionFantasyServer.Api", "FictionFantasyServer.Api\FictionFantasyServer.Api.csproj", "{AC4EB145-EA5A-487A-9023-23BC5CA2DF6A}"
EndProject
Project("{FAE04EC0-301F-11D3-BF4B-00C04F79EFBC}") = "FictionFantasyServer.Services", "FictionFantasyServer.Services\FictionFantasyServer.Services.csproj", "{00C8642D-55B9-4FB0-94DC-9E143C3EC273}"
EndProject
Project("{FAE04EC0-301F-11D3-BF4B-00C04F79EFBC}") = "FictionFantasyServer.Data", "FictionFantasyServer.Data\FictionFantasyServer.Data.csproj", "{2845A630-7FF9-4DC2-945E-B2288C0420FC}"
EndProject
Project("{FAE04EC0-301F-11D3-BF4B-00C04F79EFBC}") = "FictionFantasyServer.NetCoreEntry", "FictionFantasyServer.NetCoreEntry\FictionFantasyServer.NetCoreEntry.csproj", "{14661D1F-80E4-4C28-865C-78956F902BB8}"
EndProject
Project("{FAE04EC0-301F-11D3-BF4B-00C04F79EFBC}") = "FictionFantasyServer.Models", "FictionFantasyServer.Models\FictionFantasyServer.Models.csproj", "{914316F5-648D-4B08-AE60-9F6C34A0998A}"
EndProject
Project("{2150E333-8FDC-42A3-9474-1A3956D46DE8}") = "tests", "tests", "{D780B2C9-886C-4908-997C-2174E82BD404}"
EndProject
Project("{FAE04EC0-301F-11D3-BF4B-00C04F79EFBC}") = "FictionFantasyServer.ApiTests", "tests\FictionFantasyServer.ApiTests\FictionFantasyServer.ApiTests.csproj", "{319A8AD1-76A2-4E15-9BFC-709240E7411C}"
EndProject
Global
	GlobalSection(SolutionConfigurationPlatforms) = preSolution
		Debug|Any CPU = Debug|Any CPU
		Debug|x64 = Debug|x64
		Debug|x86 = Debug|x86
		Release|Any CPU = Release|Any CPU
		Release|x64 = Release|x64
		Release|x86 = Release|x86
	EndGlobalSection
	GlobalSection(SolutionProperties) = preSolution
		HideSolutionNode = FALSE
	EndGlobalSection
	GlobalSection(ProjectConfigurationPlatforms) = postSolution
		{AC4EB145-EA5A-487A-9023-23BC5CA2DF6A}.Debug|Any CPU.ActiveCfg = Debug|Any CPU
		{AC4EB145-EA5A-487A-9023-23BC5CA2DF6A}.Debug|Any CPU.Build.0 = Debug|Any CPU
		{AC4EB145-EA5A-487A-9023-23BC5CA2DF6A}.Debug|x64.ActiveCfg = Debug|Any CPU
		{AC4EB145-EA5A-487A-9023-23BC5CA2DF6A}.Debug|x64.Build.0 = Debug|Any CPU
		{AC4EB145-EA5A-487A-9023-23BC5CA2DF6A}.Debug|x86.ActiveCfg = Debug|Any CPU
		{AC4EB145-EA5A-487A-9023-23BC5CA2DF6A}.Debug|x86.Build.0 = Debug|Any CPU
		{AC4EB145-EA5A-487A-9023-23BC5CA2DF6A}.Release|Any CPU.ActiveCfg = Release|Any CPU
		{AC4EB145-EA5A-487A-9023-23BC5CA2DF6A}.Release|Any CPU.Build.0 = Release|Any CPU
		{AC4EB145-EA5A-487A-9023-23BC5CA2DF6A}.Release|x64.ActiveCfg = Release|Any CPU
		{AC4EB145-EA5A-487A-9023-23BC5CA2DF6A}.Release|x64.Build.0 = Release|Any CPU
		{AC4EB145-EA5A-487A-9023-23BC5CA2DF6A}.Release|x86.ActiveCfg = Release|Any CPU
		{AC4EB145-EA5A-487A-9023-23BC5CA2DF6A}.Release|x86.Build.0 = Release|Any CPU
		{00C8642D-55B9-4FB0-94DC-9E143C3EC273}.Debug|Any CPU.ActiveCfg = Debug|Any CPU
		{00C8642D-55B9-4FB0-94DC-9E143C3EC273}.Debug|Any CPU.Build.0 = Debug|Any CPU
		{00C8642D-55B9-4FB0-94DC-9E143C3EC273}.Debug|x64.ActiveCfg = Debug|Any CPU
		{00C8642D-55B9-4FB0-94DC-9E143C3EC273}.Debug|x64.Build.0 = Debug|Any CPU
		{00C8642D-55B9-4FB0-94DC-9E143C3EC273}.Debug|x86.ActiveCfg = Debug|Any CPU
		{00C8642D-55B9-4FB0-94DC-9E143C3EC273}.Debug|x86.Build.0 = Debug|Any CPU
		{00C8642D-55B9-4FB0-94DC-9E143C3EC273}.Release|Any CPU.ActiveCfg = Release|Any CPU
		{00C8642D-55B9-4FB0-94DC-9E143C3EC273}.Release|Any CPU.Build.0 = Release|Any CPU
		{00C8642D-55B9-4FB0-94DC-9E143C3EC273}.Release|x64.ActiveCfg = Release|Any CPU
		{00C8642D-55B9-4FB0-94DC-9E143C3EC273}.Release|x64.Build.0 = Release|Any CPU
		{00C8642D-55B9-4FB0-94DC-9E143C3EC273}.Release|x86.ActiveCfg = Release|Any CPU
		{00C8642D-55B9-4FB0-94DC-9E143C3EC273}.Release|x86.Build.0 = Release|Any CPU
		{2845A630-7FF9-4DC2-945E-B2288C0420FC}.Debug|Any CPU.ActiveCfg = Debug|Any CPU
		{2845A630-7FF9-4DC2-945E-B2288C0420FC}.Debug|Any CPU.Build.0 = Debug|Any CPU
		{2845A630-7FF9-4DC2-945E-B2288C0420FC}.Debug|x64.ActiveCfg = Debug|Any CPU
		{2845A630-7FF9-4DC2-945E-B2288C0420FC}.Debug|x64.Build.0 = Debug|Any CPU
		{2845A630-7FF9-4DC2-945E-B2288C0420FC}.Debug|x86.ActiveCfg = Debug|Any CPU
		{2845A630-7FF9-4DC2-945E-B2288C0420FC}.Debug|x86.Build.0 = Debug|Any CPU
		{2845A630-7FF9-4DC2-945E-B2288C0420FC}.Release|Any CPU.ActiveCfg = Release|Any CPU
		{2845A630-7FF9-4DC2-945E-B2288C0420FC}.Release|Any CPU.Build.0 = Release|Any CPU
		{2845A630-7FF9-4DC2-945E-B2288C0420FC}.Release|x64.ActiveCfg = Release|Any CPU
		{2845A630-7FF9-4DC2-945E-B2288C0420FC}.Release|x64.Build.0 = Release|Any CPU
		{2845A630-7FF9-4DC2-945E-B2288C0420FC}.Release|x86.ActiveCfg = Release|Any CPU
		{2845A630-7FF9-4DC2-945E-B2288C0420FC}.Release|x86.Build.0 = Release|Any CPU
		{14661D1F-80E4-4C28-865C-78956F902BB8}.Debug|Any CPU.ActiveCfg = Debug|Any CPU
		{14661D1F-80E4-4C28-865C-78956F902BB8}.Debug|Any CPU.Build.0 = Debug|Any CPU
		{14661D1F-80E4-4C28-865C-78956F902BB8}.Debug|x64.ActiveCfg = Debug|Any CPU
		{14661D1F-80E4-4C28-865C-78956F902BB8}.Debug|x64.Build.0 = Debug|Any CPU
		{14661D1F-80E4-4C28-865C-78956F902BB8}.Debug|x86.ActiveCfg = Debug|Any CPU
		{14661D1F-80E4-4C28-865C-78956F902BB8}.Debug|x86.Build.0 = Debug|Any CPU
		{14661D1F-80E4-4C28-865C-78956F902BB8}.Release|Any CPU.ActiveCfg = Release|Any CPU
		{14661D1F-80E4-4C28-865C-78956F902BB8}.Release|Any CPU.Build.0 = Release|Any CPU
		{14661D1F-80E4-4C28-865C-78956F902BB8}.Release|x64.ActiveCfg = Release|Any CPU
		{14661D1F-80E4-4C28-865C-78956F902BB8}.Release|x64.Build.0 = Release|Any CPU
		{14661D1F-80E4-4C28-865C-78956F902BB8}.Release|x86.ActiveCfg = Release|Any CPU
		{14661D1F-80E4-4C28-865C-78956F902BB8}.Release|x86.Build.0 = Release|Any CPU
		{914316F5-648D-4B08-AE60-9F6C34A0998A}.Debug|Any CPU.ActiveCfg = Debug|Any CPU
		{914316F5-648D-4B08-AE60-9F6C34A0998A}.Debug|Any CPU.Build.0 = Debug|Any CPU
		{914316F5-648D-4B08-AE60-9F6C34A0998A}.Debug|x64.ActiveCfg = Debug|Any CPU
		{914316F5-648D-4B08-AE60-9F6C34A0998A}.Debug|x64.Build.0 = Debug|Any CPU
		{914316F5-648D-4B08-AE60-9F6C34A0998A}.Debug|x86.ActiveCfg = Debug|Any CPU
		{914316F5-648D-4B08-AE60-9F6C34A0998A}.Debug|x86.Build.0 = Debug|Any CPU
		{914316F5-648D-4B08-AE60-9F6C34A0998A}.Release|Any CPU.ActiveCfg = Release|Any CPU
		{914316F5-648D-4B08-AE60-9F6C34A0998A}.Release|Any CPU.Build.0 = Release|Any CPU
		{914316F5-648D-4B08-AE60-9F6C34A0998A}.Release|x64.ActiveCfg = Release|Any CPU
		{914316F5-648D-4B08-AE60-9F6C34A0998A}.Release|x64.Build.0 = Release|Any CPU
		{914316F5-648D-4B08-AE60-9F6C34A0998A}.Release|x86.ActiveCfg = Release|Any CPU
		{914316F5-648D-4B08-AE60-9F6C34A0998A}.Release|x86.Build.0 = Release|Any CPU
		{319A8AD1-76A2-4E15-9BFC-709240E7411C}.Debug|Any CPU.ActiveCfg = Debug|Any CPU
		{319A8AD1-76A2-4E15-9BFC-709240E7411C}.Debug|Any CPU.Build.0 = Debug|Any CPU
		{319A8AD1-76A2-4E15-9BFC-709240E7411C}.Debug|x64.ActiveCfg = Debug|Any CPU
		{319A8AD1-76A2-4E15-9BFC-709240E7411C}.Debug|x64.Build.0 = Debug|Any CPU
		{319A8AD1-76A2-4E15-9BFC-709240E7411C}.Debug|x86.ActiveCfg = Debug|Any CPU
		{319A8AD1-76A2-4E15-9BFC-709240E7411C}.Debug|x86.Build.0 = Debug|Any CPU
		{319A8AD1-76A2-4E15-9BFC-709240E7411C}.Release|Any CPU.ActiveCfg = Release|Any CPU
		{319A8AD1-76A2-4E15-9BFC-709240E7411C}.Release|Any CPU.Build.0 = Release|Any CPU
		{319A8AD1-76A2-4E15-9BFC-709240E7411C}.Release|x64.ActiveCfg = Release|Any CPU
		{319A8AD1-76A2-4E15-9BFC-709240E7411C}.Release|x64.Build.0 = Release|Any CPU
		{319A8AD1-76A2-4E15-9BFC-709240E7411C}.Release|x86.ActiveCfg = Release|Any CPU
		{319A8AD1-76A2-4E15-9BFC-709240E7411C}.Release|x86.Build.0 = Release|Any CPU
	EndGlobalSection
	GlobalSection(NestedProjects) = preSolution
		{319A8AD1-76A2-4E15-9BFC-709240E7411C} = {D780B2C9-886C-4908-997C-2174E82BD404}
	EndGlobalSection
EndGlobal
